{
  "name": "svelte-store2",
  "version": "1.0.1",
  "lockfileVersion": 2,
  "requires": true,
  "packages": {
    "": {
      "name": "svelte-store2",
      "version": "1.0.1",
      "license": "MIT",
      "dependencies": {
        "svelte": "^3.55.1"
      }
    },
    "node_modules/svelte": {
      "version": "3.55.1",
      "resolved": "https://registry.npmjs.org/svelte/-/svelte-3.55.1.tgz",
      "integrity": "sha512-S+87/P0Ve67HxKkEV23iCdAh/SX1xiSfjF1HOglno/YTbSTW7RniICMCofWGdJJbdjw3S+0PfFb1JtGfTXE0oQ==",
      "engines": {
        "node": ">= 8"
      }
    }
  },
  "dependencies": {
    "svelte": {
      "version": "3.55.1",
      "resolved": "https://registry.npmjs.org/svelte/-/svelte-3.55.1.tgz",
      "integrity": "sha512-S+87/P0Ve67HxKkEV23iCdAh/SX1xiSfjF1HOglno/YTbSTW7RniICMCofWGdJJbdjw3S+0PfFb1JtGfTXE0oQ=="
    }
  }
}
