{
  "name": "svelte-store2",
  "version": "1.0.0",
  "lockfileVersion": 2,
  "requires": true,
  "packages": {
    "": {
      "name": "svelte-store2",
      "version": "1.0.0",
      "license": "MIT",
      "dependencies": {
        "svelte": "^3.45.0"
      }
    },
    "node_modules/svelte": {
      "version": "3.45.0",
      "license": "MIT",
      "engines": {
        "node": ">= 8"
      }
    }
  },
  "dependencies": {
    "svelte": {
      "version": "3.45.0"
    }
  }
}
